
Microsoft Visual Studio Solution File, Format Version 12.00
# Visual Studio Version 17
VisualStudioVersion = 17.9.34728.123
MinimumVisualStudioVersion = 10.0.40219.1
Project("{FAE04EC0-301F-11D3-BF4B-00C04F79EFBC}") = "OnReaderApp", "OnReaderApp.csproj", "{D78819A0-0D1D-4697-9435-B13C7E5C5BD3}"
EndProject
Global
	GlobalSection(SolutionConfigurationPlatforms) = preSolution
		Debug|Any CPU = Debug|Any CPU
		Release|Any CPU = Release|Any CPU
	EndGlobalSection
	GlobalSection(ProjectConfigurationPlatforms) = postSolution
		{D78819A0-0D1D-4697-9435-B13C7E5C5BD3}.Debug|Any CPU.ActiveCfg = Debug|Any CPU
		{D78819A0-0D1D-4697-9435-B13C7E5C5BD3}.Debug|Any CPU.Build.0 = Debug|Any CPU
		{D78819A0-0D1D-4697-9435-B13C7E5C5BD3}.Release|Any CPU.ActiveCfg = Release|Any CPU
		{D78819A0-0D1D-4697-9435-B13C7E5C5BD3}.Release|Any CPU.Build.0 = Release|Any CPU
	EndGlobalSection
	GlobalSection(SolutionProperties) = preSolution
		HideSolutionNode = FALSE
	EndGlobalSection
	GlobalSection(ExtensibilityGlobals) = postSolution
		SolutionGuid = {CD7375DE-7EE0-4DF6-B0D6-33444A7E33D6}
	EndGlobalSection
EndGlobal
